
Microsoft Visual Studio Solution File, Format Version 12.00
# Visual Studio Version 17
VisualStudioVersion = 17.4.33205.214
MinimumVisualStudioVersion = 10.0.40219.1
Project("{9A19103F-16F7-4668-BE54-9A1E7A4F7556}") = "AgencyAPI", "AgencyAPI\AgencyAPI.csproj", "{2777809B-055B-41A1-BF4D-43C738ED0C1B}"
EndProject
Project("{9A19103F-16F7-4668-BE54-9A1E7A4F7556}") = "AgencyServices", "..\Skeleton\Agency\AgencyServices.csproj", "{FF16FB41-F5E0-4904-8D5C-D47E3F1E4572}"
EndProject
Project("{FAE04EC0-301F-11D3-BF4B-00C04F79EFBC}") = "AgencyData", "Agency.Data\AgencyData.csproj", "{8BF6691C-3947-454E-B151-C3AED75B1C17}"
EndProject
Global
	GlobalSection(SolutionConfigurationPlatforms) = preSolution
		Debug|Any CPU = Debug|Any CPU
		Release|Any CPU = Release|Any CPU
	EndGlobalSection
	GlobalSection(ProjectConfigurationPlatforms) = postSolution
		{2777809B-055B-41A1-BF4D-43C738ED0C1B}.Debug|Any CPU.ActiveCfg = Debug|Any CPU
		{2777809B-055B-41A1-BF4D-43C738ED0C1B}.Debug|Any CPU.Build.0 = Debug|Any CPU
		{2777809B-055B-41A1-BF4D-43C738ED0C1B}.Release|Any CPU.ActiveCfg = Release|Any CPU
		{2777809B-055B-41A1-BF4D-43C738ED0C1B}.Release|Any CPU.Build.0 = Release|Any CPU
		{FF16FB41-F5E0-4904-8D5C-D47E3F1E4572}.Debug|Any CPU.ActiveCfg = Debug|Any CPU
		{FF16FB41-F5E0-4904-8D5C-D47E3F1E4572}.Debug|Any CPU.Build.0 = Debug|Any CPU
		{FF16FB41-F5E0-4904-8D5C-D47E3F1E4572}.Release|Any CPU.ActiveCfg = Release|Any CPU
		{FF16FB41-F5E0-4904-8D5C-D47E3F1E4572}.Release|Any CPU.Build.0 = Release|Any CPU
		{8BF6691C-3947-454E-B151-C3AED75B1C17}.Debug|Any CPU.ActiveCfg = Debug|Any CPU
		{8BF6691C-3947-454E-B151-C3AED75B1C17}.Debug|Any CPU.Build.0 = Debug|Any CPU
		{8BF6691C-3947-454E-B151-C3AED75B1C17}.Release|Any CPU.ActiveCfg = Release|Any CPU
		{8BF6691C-3947-454E-B151-C3AED75B1C17}.Release|Any CPU.Build.0 = Release|Any CPU
	EndGlobalSection
	GlobalSection(SolutionProperties) = preSolution
		HideSolutionNode = FALSE
	EndGlobalSection
	GlobalSection(ExtensibilityGlobals) = postSolution
		SolutionGuid = {28B7F216-F8C7-4E00-A05B-E472494DA689}
	EndGlobalSection
EndGlobal
